
Microsoft Visual Studio Solution File, Format Version 12.00
# Visual Studio Version 17
VisualStudioVersion = 17.8.34309.116
MinimumVisualStudioVersion = 10.0.40219.1
Project("{FAE04EC0-301F-11D3-BF4B-00C04F79EFBC}") = "MovieApi", "MovieApi.csproj", "{1787B731-4900-4F2F-8D28-37DE2042C16A}"
EndProject
Global
	GlobalSection(SolutionConfigurationPlatforms) = preSolution
		Debug|Any CPU = Debug|Any CPU
		Release|Any CPU = Release|Any CPU
	EndGlobalSection
	GlobalSection(ProjectConfigurationPlatforms) = postSolution
		{1787B731-4900-4F2F-8D28-37DE2042C16A}.Debug|Any CPU.ActiveCfg = Debug|Any CPU
		{1787B731-4900-4F2F-8D28-37DE2042C16A}.Debug|Any CPU.Build.0 = Debug|Any CPU
		{1787B731-4900-4F2F-8D28-37DE2042C16A}.Release|Any CPU.ActiveCfg = Release|Any CPU
		{1787B731-4900-4F2F-8D28-37DE2042C16A}.Release|Any CPU.Build.0 = Release|Any CPU
	EndGlobalSection
	GlobalSection(SolutionProperties) = preSolution
		HideSolutionNode = FALSE
	EndGlobalSection
	GlobalSection(ExtensibilityGlobals) = postSolution
		SolutionGuid = {5AAB5821-A4BE-4EB8-BB06-684714F4BD4D}
	EndGlobalSection
EndGlobal
